
Microsoft Visual Studio Solution File, Format Version 12.00
# Visual Studio Version 16
VisualStudioVersion = 16.0.30320.27
MinimumVisualStudioVersion = 10.0.40219.1
Project("{8BC9CEB8-8B4A-11D0-8D11-00A0C91BC942}") = "草稿本", "草稿本\草稿本.vcxproj", "{265C8AF6-F8D5-4227-AF33-11A063A33F50}"
EndProject
Project("{8BC9CEB8-8B4A-11D0-8D11-00A0C91BC942}") = "加密器（第1代）", "加密器（第1代）\加密器（第1代）.vcxproj", "{139B27F4-76C4-4FE4-B9A2-1CAB63770E61}"
EndProject
Project("{8BC9CEB8-8B4A-11D0-8D11-00A0C91BC942}") = "加密器（第2代）", "加密器（第2代）\加密器（第2代）.vcxproj", "{1B67FC90-F39D-4176-A7FF-BF4AC9E3B698}"
EndProject
Global
	GlobalSection(SolutionConfigurationPlatforms) = preSolution
		Debug|x64 = Debug|x64
		Debug|x86 = Debug|x86
		Release|x64 = Release|x64
		Release|x86 = Release|x86
	EndGlobalSection
	GlobalSection(ProjectConfigurationPlatforms) = postSolution
		{265C8AF6-F8D5-4227-AF33-11A063A33F50}.Debug|x64.ActiveCfg = Debug|x64
		{265C8AF6-F8D5-4227-AF33-11A063A33F50}.Debug|x64.Build.0 = Debug|x64
		{265C8AF6-F8D5-4227-AF33-11A063A33F50}.Debug|x86.ActiveCfg = Debug|Win32
		{265C8AF6-F8D5-4227-AF33-11A063A33F50}.Debug|x86.Build.0 = Debug|Win32
		{265C8AF6-F8D5-4227-AF33-11A063A33F50}.Release|x64.ActiveCfg = Release|x64
		{265C8AF6-F8D5-4227-AF33-11A063A33F50}.Release|x64.Build.0 = Release|x64
		{265C8AF6-F8D5-4227-AF33-11A063A33F50}.Release|x86.ActiveCfg = Release|Win32
		{265C8AF6-F8D5-4227-AF33-11A063A33F50}.Release|x86.Build.0 = Release|Win32
		{139B27F4-76C4-4FE4-B9A2-1CAB63770E61}.Debug|x64.ActiveCfg = Debug|x64
		{139B27F4-76C4-4FE4-B9A2-1CAB63770E61}.Debug|x64.Build.0 = Debug|x64
		{139B27F4-76C4-4FE4-B9A2-1CAB63770E61}.Debug|x86.ActiveCfg = Debug|Win32
		{139B27F4-76C4-4FE4-B9A2-1CAB63770E61}.Debug|x86.Build.0 = Debug|Win32
		{139B27F4-76C4-4FE4-B9A2-1CAB63770E61}.Release|x64.ActiveCfg = Release|x64
		{139B27F4-76C4-4FE4-B9A2-1CAB63770E61}.Release|x64.Build.0 = Release|x64
		{139B27F4-76C4-4FE4-B9A2-1CAB63770E61}.Release|x86.ActiveCfg = Release|Win32
		{139B27F4-76C4-4FE4-B9A2-1CAB63770E61}.Release|x86.Build.0 = Release|Win32
		{1B67FC90-F39D-4176-A7FF-BF4AC9E3B698}.Debug|x64.ActiveCfg = Debug|x64
		{1B67FC90-F39D-4176-A7FF-BF4AC9E3B698}.Debug|x64.Build.0 = Debug|x64
		{1B67FC90-F39D-4176-A7FF-BF4AC9E3B698}.Debug|x86.ActiveCfg = Debug|Win32
		{1B67FC90-F39D-4176-A7FF-BF4AC9E3B698}.Debug|x86.Build.0 = Debug|Win32
		{1B67FC90-F39D-4176-A7FF-BF4AC9E3B698}.Release|x64.ActiveCfg = Release|x64
		{1B67FC90-F39D-4176-A7FF-BF4AC9E3B698}.Release|x64.Build.0 = Release|x64
		{1B67FC90-F39D-4176-A7FF-BF4AC9E3B698}.Release|x86.ActiveCfg = Release|Win32
		{1B67FC90-F39D-4176-A7FF-BF4AC9E3B698}.Release|x86.Build.0 = Release|Win32
	EndGlobalSection
	GlobalSection(SolutionProperties) = preSolution
		HideSolutionNode = FALSE
	EndGlobalSection
	GlobalSection(ExtensibilityGlobals) = postSolution
		SolutionGuid = {E746374D-6916-4040-8365-09F296DE0BFE}
	EndGlobalSection
EndGlobal
